
Microsoft Visual Studio Solution File, Format Version 12.00
# Visual Studio Version 17
VisualStudioVersion = 17.0.32014.148
MinimumVisualStudioVersion = 10.0.40219.1
Project("{FAE04EC0-301F-11D3-BF4B-00C04F79EFBC}") = "ProcessamentoDeDadosEmCasting", "ProcessamentoDeDadosEmCasting\ProcessamentoDeDadosEmCasting.csproj", "{DA8D9073-9811-4F2E-A794-141443FE019C}"
EndProject
Global
	GlobalSection(SolutionConfigurationPlatforms) = preSolution
		Debug|Any CPU = Debug|Any CPU
		Release|Any CPU = Release|Any CPU
	EndGlobalSection
	GlobalSection(ProjectConfigurationPlatforms) = postSolution
		{DA8D9073-9811-4F2E-A794-141443FE019C}.Debug|Any CPU.ActiveCfg = Debug|Any CPU
		{DA8D9073-9811-4F2E-A794-141443FE019C}.Debug|Any CPU.Build.0 = Debug|Any CPU
		{DA8D9073-9811-4F2E-A794-141443FE019C}.Release|Any CPU.ActiveCfg = Release|Any CPU
		{DA8D9073-9811-4F2E-A794-141443FE019C}.Release|Any CPU.Build.0 = Release|Any CPU
	EndGlobalSection
	GlobalSection(SolutionProperties) = preSolution
		HideSolutionNode = FALSE
	EndGlobalSection
	GlobalSection(ExtensibilityGlobals) = postSolution
		SolutionGuid = {E2D2449F-FC82-44E8-A861-0C1B2E6EEC95}
	EndGlobalSection
EndGlobal
